{
  "name": "@superinstance/quilt-canon-cli-gh",
  "version": "0.1.1",
  "lockfileVersion": 3,
  "requires": true,
  "packages": {
    "": {
      "name": "@superinstance/quilt-canon-cli-gh",
      "version": "0.1.1",
      "license": "MIT",
      "dependencies": {
        "@superinstance/canon-claim": "^0.1.0",
        "@superinstance/canon-graph": "^0.1.0",
        "@superinstance/canon-hash": "^0.1.0"
      },
      "bin": {
        "canon": "bin/canon"
      },
      "engines": {
        "node": ">=18.0.0"
      }
    },
    "node_modules/@superinstance/canon-claim": {
      "version": "0.1.0",
      "resolved": "https://registry.npmjs.org/@superinstance/canon-claim/-/canon-claim-0.1.0.tgz",
      "integrity": "sha512-qlzdizovZ9WFIzwo/RUituqzBbHR8vjdSkw/EX7+o4rP1RHXvAP3hkyZmI66RO06TAqbXzbhBrT7SBxah6m/QQ==",
      "license": "MIT",
      "engines": {
        "node": ">=18.0.0"
      }
    },
    "node_modules/@superinstance/canon-graph": {
      "version": "0.1.0",
      "resolved": "https://registry.npmjs.org/@superinstance/canon-graph/-/canon-graph-0.1.0.tgz",
      "integrity": "sha512-gQuKtiKMC8HTNEmlAkVnf28Bl2gfrz7Q3FqbmZivbMHpEOKJwHyIMiWhI9YapPVrJ6h1d+KIHiR8ddyRtjto4A==",
      "license": "MIT",
      "engines": {
        "node": ">=18.0.0"
      }
    },
    "node_modules/@superinstance/canon-hash": {
      "version": "0.1.0",
      "resolved": "https://registry.npmjs.org/@superinstance/canon-hash/-/canon-hash-0.1.0.tgz",
      "integrity": "sha512-4bXfQvNg9RDaAsBPN17/u4ls5Cuqu3aiJbhGBw2NI0r90t9sn7YIuBhAdvCnS9howrcHN0KvAOwBalDjLNNDqA==",
      "license": "MIT",
      "engines": {
        "node": ">=18.0.0"
      }
    }
  }
}
